Microsoft Visual Studio Solution File, Format Version 12.00
# Visual Studio 2012
Project("{FAE04EC0-301F-11D3-BF4B-00C04F79EFBC}") = "2d Fluid Sim", "2d Fluid Sim.csproj", "{21F17B91-4465-47DF-BAE0-C00437882D15}"
EndProject
Global
	GlobalSection(SolutionConfigurationPlatforms) = preSolution
	Debug|Any CPU = Debug|Any CPU
	ExportDebug|Any CPU = ExportDebug|Any CPU
	ExportRelease|Any CPU = ExportRelease|Any CPU
	EndGlobalSection
	GlobalSection(ProjectConfigurationPlatforms) = postSolution
		{21F17B91-4465-47DF-BAE0-C00437882D15}.Debug|Any CPU.ActiveCfg = Debug|Any CPU
		{21F17B91-4465-47DF-BAE0-C00437882D15}.Debug|Any CPU.Build.0 = Debug|Any CPU
		{21F17B91-4465-47DF-BAE0-C00437882D15}.ExportDebug|Any CPU.ActiveCfg = ExportDebug|Any CPU
		{21F17B91-4465-47DF-BAE0-C00437882D15}.ExportDebug|Any CPU.Build.0 = ExportDebug|Any CPU
		{21F17B91-4465-47DF-BAE0-C00437882D15}.ExportRelease|Any CPU.ActiveCfg = ExportRelease|Any CPU
		{21F17B91-4465-47DF-BAE0-C00437882D15}.ExportRelease|Any CPU.Build.0 = ExportRelease|Any CPU
	EndGlobalSection
EndGlobal
